
Microsoft Visual Studio Solution File, Format Version 12.00
# Visual Studio Version 16
VisualStudioVersion = 16.0.30804.86
MinimumVisualStudioVersion = 10.0.40219.1
Project("{9A19103F-16F7-4668-BE54-9A1E7A4F7556}") = "InterfaceAbstractDemo", "InterfaceAbstractDemo\InterfaceAbstractDemo.csproj", "{CF92D57A-ADB1-4A31-B3EE-E38753CC4DEB}"
EndProject
Global
	GlobalSection(SolutionConfigurationPlatforms) = preSolution
		Debug|Any CPU = Debug|Any CPU
		Release|Any CPU = Release|Any CPU
	EndGlobalSection
	GlobalSection(ProjectConfigurationPlatforms) = postSolution
		{CF92D57A-ADB1-4A31-B3EE-E38753CC4DEB}.Debug|Any CPU.ActiveCfg = Debug|Any CPU
		{CF92D57A-ADB1-4A31-B3EE-E38753CC4DEB}.Debug|Any CPU.Build.0 = Debug|Any CPU
		{CF92D57A-ADB1-4A31-B3EE-E38753CC4DEB}.Release|Any CPU.ActiveCfg = Release|Any CPU
		{CF92D57A-ADB1-4A31-B3EE-E38753CC4DEB}.Release|Any CPU.Build.0 = Release|Any CPU
	EndGlobalSection
	GlobalSection(SolutionProperties) = preSolution
		HideSolutionNode = FALSE
	EndGlobalSection
	GlobalSection(ExtensibilityGlobals) = postSolution
		SolutionGuid = {C8F00BE4-ED6B-4068-BE79-1D59A27C38CA}
	EndGlobalSection
EndGlobal
